
Microsoft Visual Studio Solution File, Format Version 12.00
# Visual Studio Version 17
VisualStudioVersion = 17.1.32414.318
MinimumVisualStudioVersion = 10.0.40219.1
Project("{FAE04EC0-301F-11D3-BF4B-00C04F79EFBC}") = "JokesWebApp", "JokesWebApp\JokesWebApp.csproj", "{DBE86B3F-17FD-47A0-83C8-714B7F06B48C}"
EndProject
Global
	GlobalSection(SolutionConfigurationPlatforms) = preSolution
		Debug|Any CPU = Debug|Any CPU
		Release|Any CPU = Release|Any CPU
	EndGlobalSection
	GlobalSection(ProjectConfigurationPlatforms) = postSolution
		{DBE86B3F-17FD-47A0-83C8-714B7F06B48C}.Debug|Any CPU.ActiveCfg = Debug|Any CPU
		{DBE86B3F-17FD-47A0-83C8-714B7F06B48C}.Debug|Any CPU.Build.0 = Debug|Any CPU
		{DBE86B3F-17FD-47A0-83C8-714B7F06B48C}.Release|Any CPU.ActiveCfg = Release|Any CPU
		{DBE86B3F-17FD-47A0-83C8-714B7F06B48C}.Release|Any CPU.Build.0 = Release|Any CPU
	EndGlobalSection
	GlobalSection(SolutionProperties) = preSolution
		HideSolutionNode = FALSE
	EndGlobalSection
	GlobalSection(ExtensibilityGlobals) = postSolution
		SolutionGuid = {6EB0EB0A-21BE-4FE6-9813-B6EA6D8ACB45}
	EndGlobalSection
EndGlobal
